github.com/bradleypeabody/fulltext v0.0.0-20150510224040-a28063e64b3d h1:/w1a+FP/SozeAedBy/hSdM9WVBVt8iX+p5fu/0rs65Y=
github.com/bradleypeabody/fulltext v0.0.0-20150510224040-a28063e64b3d/go.mod h1:ARe8ApM8pu8PQC9c1VUuyhC8GuFf+6Zh4Xu6xisMbsw=
github.com/extemporalgenome/slug v0.0.0-20150414033109-0320c85e32e0 h1:0A9+8DBvlpto0mr+SD1NadV5liSIAZkWnvyshwk88Bc=
github.com/extemporalgenome/slug v0.0.0-20150414033109-0320c85e32e0/go.mod h1:96eSBMO0aE2dcsEygXzIsvGyOf7bM5kWuqVCPEgwLEI=
github.com/gosexy/to v0.0.0-20141221203644-c20e083e3123 h1:6Q7VB4v0aEgIE6BtsbJhEH0KgFE0f+FHAxXePQp9Klc=
github.com/gosexy/to v0.0.0-20141221203644-c20e083e3123/go.mod h1:oQuuq9ZkoRpy+2mhINlY3ZrwgywR77yPXmFpP6vCr/w=
github.com/jbarham/go-cdb v0.0.0-20130611141714-206e6dfad052 h1:CEjfA/eDiwaBrG7O0BH8lFZ1iBS27zys66FmtU12W4s=
github.com/jbarham/go-cdb v0.0.0-20130611141714-206e6dfad052/go.mod h1:Bn4KuuSnoKSI20UMDpaE/A86m4eT2PKTFB5YIkFxG7Y=
github.com/kr/pretty v0.1.0 h1:L/CwN0zerZDmRFUapSPitk6f+Q3+0za1rQkzVuMiMFI=
github.com/kr/pretty v0.1.0/go.mod h1:dAy3ld7l9f0ibDNOQOHHMYYIIbhfbHSm3C4ZsoJORNo=
github.com/kr/pty v1.1.1/go.mod h1:pFQYn66WHrOpPYNljwOMqo10TkYh1fy3cYio2l3bCsQ=
github.com/kr/text v0.1.0 h1:45sCR5RtlFHMR4UwH9sdQ5TC8v0qDQCHnXt+kaKSTVE=
github.com/kr/text v0.1.0/go.mod h1:4Jbv+DJW3UT/LiOwJeYQe1efqtUx/iVham/4vfdArNI=
github.com/lnxjedi/cli v0.0.0-20130410001115-1e5b1f905739 h1:cCrY5HhRBZWOQlMH+HXT4G+jxQXy9VWg8B4qeRQNyAc=
github.com/lnxjedi/cli v0.0.0-20130410001115-1e5b1f905739/go.mod h1:Ign14zFdphQpVlJIUNk362Cc29+NiLR0pI+RcoQRlW4=
github.com/lnxjedi/dig v0.0.0-20180810172411-45aeba0ab1b4 h1:31JS2f/sGMpNjqHhq1lPp0igy+v7se2BXMTAEBvowJQ=
github.com/lnxjedi/dig v0.0.0-20180810172411-45aeba0ab1b4/go.mod h1:V1b9z12EzuJvXq1n4vn+xkuhBd9SJ0mfezn6PM9sK40=
github.com/lnxjedi/to v0.0.0-20141221203644-c20e083e3123 h1:eTi1pQEI8K0iGiCmfhwFDnZ4zmLyG2KRThq58VCIMLg=
github.com/lnxjedi/to v0.0.0-20141221203644-c20e083e3123/go.mod h1:45qynJK43IvEYbVNdkn7MULhWB/CSBGyJ6Cx7dLdLEU=
github.com/lnxjedi/yaml v0.0.0-20180810172303-611db65de0e8 h1:Az30lM4jAWxOTS/aEx9eDkrUrXSGg/1q4idGfkmoSxA=
github.com/lnxjedi/yaml v0.0.0-20180810172303-611db65de0e8/go.mod h1:+G5WRfcC+dLehHcCVkNCSj48MVIM8zD8Um+srAFCX3E=
github.com/russross/blackfriday v1.5.1 h1:B8ZN6pD4PVofmlDCDUdELeYrbsVIDM/bpjW3v3zgcRc=
github.com/russross/blackfriday v1.5.1/go.mod h1:JO/DiYxRf+HjHt06OyowR9PTA263kcR/rfWxYHBV53g=
golang.org/x/text v0.3.0 h1:g61tztE5qeGQ89tm6NTjjM9VPIm088od1l6aSorWRWg=
golang.org/x/text v0.3.0/go.mod h1:NqM8EUOU14njkJ3fqMW+pc6Ldnwhi/IjpwHt7yyuwOQ=
gopkg.in/check.v1 v1.0.0-20180628173108-788fd7840127 h1:qIbj1fsPNlZgppZ+VLlY7N33q108Sa+fhmuc+sWQYwY=
gopkg.in/check.v1 v1.0.0-20180628173108-788fd7840127/go.mod h1:Co6ibVJAznAaIkqp8huTwlJQCZ016jof/cbN4VW5Yz0=
gopkg.in/yaml.v1 v1.0.0-20140924161607-9f9df34309c0 h1:POO/ycCATvegFmVuPpQzZFJ+pGZeX22Ufu6fibxDVjU=
gopkg.in/yaml.v1 v1.0.0-20140924161607-9f9df34309c0/go.mod h1:WDnlLJ4WF5VGsH/HVa3CI79GS0ol3YnhVnKP89i0kNg=
